
Microsoft Visual Studio Solution File, Format Version 12.00
# Visual Studio Version 17
VisualStudioVersion = 17.7.34221.43
MinimumVisualStudioVersion = 10.0.40219.1
Project("{8BC9CEB8-8B4A-11D0-8D11-00A0C91BC942}") = "Airplane.24", "Airplane.24\Airplane.24.vcxproj", "{30AC1C13-D9FF-42C9-B860-1A2F780219BB}"
EndProject
Global
	GlobalSection(SolutionConfigurationPlatforms) = preSolution
		Debug|x64 = Debug|x64
		Debug|x86 = Debug|x86
		Release|x64 = Release|x64
		Release|x86 = Release|x86
	EndGlobalSection
	GlobalSection(ProjectConfigurationPlatforms) = postSolution
		{30AC1C13-D9FF-42C9-B860-1A2F780219BB}.Debug|x64.ActiveCfg = Debug|x64
		{30AC1C13-D9FF-42C9-B860-1A2F780219BB}.Debug|x64.Build.0 = Debug|x64
		{30AC1C13-D9FF-42C9-B860-1A2F780219BB}.Debug|x86.ActiveCfg = Debug|Win32
		{30AC1C13-D9FF-42C9-B860-1A2F780219BB}.Debug|x86.Build.0 = Debug|Win32
		{30AC1C13-D9FF-42C9-B860-1A2F780219BB}.Release|x64.ActiveCfg = Release|x64
		{30AC1C13-D9FF-42C9-B860-1A2F780219BB}.Release|x64.Build.0 = Release|x64
		{30AC1C13-D9FF-42C9-B860-1A2F780219BB}.Release|x86.ActiveCfg = Release|Win32
		{30AC1C13-D9FF-42C9-B860-1A2F780219BB}.Release|x86.Build.0 = Release|Win32
	EndGlobalSection
	GlobalSection(SolutionProperties) = preSolution
		HideSolutionNode = FALSE
	EndGlobalSection
	GlobalSection(ExtensibilityGlobals) = postSolution
		SolutionGuid = {ED5014FA-2BC4-40C9-A55F-6E6914676473}
	EndGlobalSection
EndGlobal
